
Microsoft Visual Studio Solution File, Format Version 12.00
# Visual Studio Version 17
VisualStudioVersion = 17.7.34202.233
MinimumVisualStudioVersion = 10.0.40219.1
Project("{FAE04EC0-301F-11D3-BF4B-00C04F79EFBC}") = "GetDataAPI", "GetDataAPI.csproj", "{2A387D48-692F-4806-A3C4-E6165E271B38}"
EndProject
Global
	GlobalSection(SolutionConfigurationPlatforms) = preSolution
		Debug|Any CPU = Debug|Any CPU
		Release|Any CPU = Release|Any CPU
	EndGlobalSection
	GlobalSection(ProjectConfigurationPlatforms) = postSolution
		{2A387D48-692F-4806-A3C4-E6165E271B38}.Debug|Any CPU.ActiveCfg = Debug|Any CPU
		{2A387D48-692F-4806-A3C4-E6165E271B38}.Debug|Any CPU.Build.0 = Debug|Any CPU
		{2A387D48-692F-4806-A3C4-E6165E271B38}.Release|Any CPU.ActiveCfg = Release|Any CPU
		{2A387D48-692F-4806-A3C4-E6165E271B38}.Release|Any CPU.Build.0 = Release|Any CPU
	EndGlobalSection
	GlobalSection(SolutionProperties) = preSolution
		HideSolutionNode = FALSE
	EndGlobalSection
	GlobalSection(ExtensibilityGlobals) = postSolution
		SolutionGuid = {BC6D2873-200C-4EC0-8863-F30EC923EE91}
	EndGlobalSection
EndGlobal
